{
  "name": "arrrrlibtest",
  "version": "1.0.0",
  "lockfileVersion": 1,
  "requires": true,
  "dependencies": {
    "rollup": {
      "version": "2.0.3",
      "resolved": "https://registry.npmjs.org/rollup/-/rollup-2.0.3.tgz",
      "integrity": "sha512-OjTD1pmtqCFaaoTl+zf3dXlG0FR1PudauQzAYmP5hDLLrrisXP6EuzAx9MY6En5bv61e8F6JGcVQxsVOcqFTUA==",
      "requires": {
        "fsevents": "~2.1.2"
      },
      "dependencies": {
        "fsevents": {
          "version": "2.1.2",
          "resolved": "https://registry.npmjs.org/fsevents/-/fsevents-2.1.2.tgz",
          "integrity": "sha512-R4wDiBwZ0KzpgOWetKDug1FZcYhqYnUYKtfZYt4mD5SBz76q0KR4Q9o7GIPamsVPGmW3EYPPJ0dOOjvx32ldZA==",
          "optional": true
        }
      }
    },
    "socialarlib": {
      "version": "1.0.2",
      "resolved": "https://registry.npmjs.org/socialarlib/-/socialarlib-1.0.2.tgz",
      "integrity": "sha512-7URy+GnsCCBbyOfU/jTdrqwM90CPWFJSKvUFyUqx7vAT5NPw96SOo2UU0yCD004sVrkZv/q2BjCN/e2SgTnuzg=="
    }
  }
}
